// !$*UTF8*$!
{
	archiveVersion = 1;
	classes = {
	};
	objectVersion = 77;
	objects = {

/* Begin PBXBuildFile section */
		2873ED86B5CF21B1C9081982 /* Pods_perspective.framework in Frameworks */ = {isa = PBXBuildFile; fileRef = 84C405EC839FBFD7DA24CA86 /* Pods_perspective.framework */; };
		8CA4891229EE571DD44B4A2E /* Pods_perspective_perspectiveUITests.framework in Frameworks */ = {isa = PBXBuildFile; fileRef = 374C2E403151770F92B0A53A /* Pods_perspective_perspectiveUITests.framework */; };
		B1BC057E905587E122A763CA /* Pods_perspectiveTests.framework in Frameworks */ = {isa = PBXBuildFile; fileRef = D67701F6F5E821994E4D195D /* Pods_perspectiveTests.framework */; };
/* End PBXBuildFile section */

/* Begin PBXContainerItemProxy section */
		50DF649C2DE61E7600A265DC /* PBXContainerItemProxy */ = {
			isa = PBXContainerItemProxy;
			containerPortal = 50DF64812DE61E7500A265DC /* Project object */;
			proxyType = 1;
			remoteGlobalIDString = 50DF64882DE61E7500A265DC;
			remoteInfo = perspective;
		};
		50DF64A62DE61E7600A265DC /* PBXContainerItemProxy */ = {
			isa = PBXContainerItemProxy;
			containerPortal = 50DF64812DE61E7500A265DC /* Project object */;
			proxyType = 1;
			remoteGlobalIDString = 50DF64882DE61E7500A265DC;
			remoteInfo = perspective;
		};
/* End PBXContainerItemProxy section */

/* Begin PBXFileReference section */
		08A9CFA13A5CA7B2426DC941 /* Pods-perspective-perspectiveUITests.debug.xcconfig */ = {isa = PBXFileReference; includeInIndex = 1; lastKnownFileType = text.xcconfig; name = "Pods-perspective-perspectiveUITests.debug.xcconfig"; path = "Target Support Files/Pods-perspective-perspectiveUITests/Pods-perspective-perspectiveUITests.debug.xcconfig"; sourceTree = "<group>"; };
		200E95D8652529A1BDD2BFC5 /* Pods-perspectiveTests.debug.xcconfig */ = {isa = PBXFileReference; includeInIndex = 1; lastKnownFileType = text.xcconfig; name = "Pods-perspectiveTests.debug.xcconfig"; path = "Target Support Files/Pods-perspectiveTests/Pods-perspectiveTests.debug.xcconfig"; sourceTree = "<group>"; };
		29E30A326677748690329C99 /* Pods-perspectiveTests.release.xcconfig */ = {isa = PBXFileReference; includeInIndex = 1; lastKnownFileType = text.xcconfig; name = "Pods-perspectiveTests.release.xcconfig"; path = "Target Support Files/Pods-perspectiveTests/Pods-perspectiveTests.release.xcconfig"; sourceTree = "<group>"; };
		374C2E403151770F92B0A53A /* Pods_perspective_perspectiveUITests.framework */ = {isa = PBXFileReference; explicitFileType = wrapper.framework; includeInIndex = 0; path = Pods_perspective_perspectiveUITests.framework; sourceTree = BUILT_PRODUCTS_DIR; };
		50DF64892DE61E7500A265DC /* perspective.app */ = {isa = PBXFileReference; explicitFileType = wrapper.application; includeInIndex = 0; path = perspective.app; sourceTree = BUILT_PRODUCTS_DIR; };
		50DF649B2DE61E7600A265DC /* perspectiveTests.xctest */ = {isa = PBXFileReference; explicitFileType = wrapper.cfbundle; includeInIndex = 0; path = perspectiveTests.xctest; sourceTree = BUILT_PRODUCTS_DIR; };
		50DF64A52DE61E7600A265DC /* perspectiveUITests.xctest */ = {isa = PBXFileReference; explicitFileType = wrapper.cfbundle; includeInIndex = 0; path = perspectiveUITests.xctest; sourceTree = BUILT_PRODUCTS_DIR; };
		7E6D3989533BEDD630E44CC4 /* Pods-perspective-perspectiveUITests.release.xcconfig */ = {isa = PBXFileReference; includeInIndex = 1; lastKnownFileType = text.xcconfig; name = "Pods-perspective-perspectiveUITests.release.xcconfig"; path = "Target Support Files/Pods-perspective-perspectiveUITests/Pods-perspective-perspectiveUITests.release.xcconfig"; sourceTree = "<group>"; };
		84C405EC839FBFD7DA24CA86 /* Pods_perspective.framework */ = {isa = PBXFileReference; explicitFileType = wrapper.framework; includeInIndex = 0; path = Pods_perspective.framework; sourceTree = BUILT_PRODUCTS_DIR; };
		97F983A83BA155F6C28BE1B1 /* Pods-perspective.release.xcconfig */ = {isa = PBXFileReference; includeInIndex = 1; lastKnownFileType = text.xcconfig; name = "Pods-perspective.release.xcconfig"; path = "Target Support Files/Pods-perspective/Pods-perspective.release.xcconfig"; sourceTree = "<group>"; };
		D67701F6F5E821994E4D195D /* Pods_perspectiveTests.framework */ = {isa = PBXFileReference; explicitFileType = wrapper.framework; includeInIndex = 0; path = Pods_perspectiveTests.framework; sourceTree = BUILT_PRODUCTS_DIR; };
		E7D1848255ADDBFC97F8047F /* Pods-perspective.debug.xcconfig */ = {isa = PBXFileReference; includeInIndex = 1; lastKnownFileType = text.xcconfig; name = "Pods-perspective.debug.xcconfig"; path = "Target Support Files/Pods-perspective/Pods-perspective.debug.xcconfig"; sourceTree = "<group>"; };
/* End PBXFileReference section */

/* Begin PBXFileSystemSynchronizedBuildFileExceptionSet section */
		50F257282DE91C4F00FFB1F0 /* Exceptions for "Perspective" folder in "perspective" target */ = {
			isa = PBXFileSystemSynchronizedBuildFileExceptionSet;
			membershipExceptions = (
				Info.plist,
			);
			target = 50DF64882DE61E7500A265DC /* perspective */;
		};
/* End PBXFileSystemSynchronizedBuildFileExceptionSet section */

/* Begin PBXFileSystemSynchronizedRootGroup section */
		0C46180934114F628A421DFF /* Models */ = {
			isa = PBXFileSystemSynchronizedRootGroup;
			path = Models;
			sourceTree = "<group>";
		};
		50DF648B2DE61E7500A265DC /* Perspective */ = {
			isa = PBXFileSystemSynchronizedRootGroup;
			exceptions = (
				50F257282DE91C4F00FFB1F0 /* Exceptions for "Perspective" folder in "perspective" target */,
			);
			path = Perspective;
			sourceTree = "<group>";
		};
		50DF649E2DE61E7600A265DC /* perspectiveTests */ = {
			isa = PBXFileSystemSynchronizedRootGroup;
			path = perspectiveTests;
			sourceTree = "<group>";
		};
		50DF64A82DE61E7600A265DC /* perspectiveUITests */ = {
			isa = PBXFileSystemSynchronizedRootGroup;
			path = perspectiveUITests;
			sourceTree = "<group>";
		};
		71E70F40D753460EB5653E18 /* Views */ = {
			isa = PBXFileSystemSynchronizedRootGroup;
			path = Views;
			sourceTree = "<group>";
		};
		BE79D5A922D945F295EE45AA /* Services */ = {
			isa = PBXFileSystemSynchronizedRootGroup;
			path = Services;
			sourceTree = "<group>";
		};
		D1A8D1E184444B59B0A5D17A /* Data */ = {
			isa = PBXFileSystemSynchronizedRootGroup;
			path = Data;
			sourceTree = "<group>";
		};
/* End PBXFileSystemSynchronizedRootGroup section */

/* Begin PBXFrameworksBuildPhase section */
		50DF64862DE61E7500A265DC /* Frameworks */ = {
			isa = PBXFrameworksBuildPhase;
			buildActionMask = 2147483647;
			files = (
				2873ED86B5CF21B1C9081982 /* Pods_perspective.framework in Frameworks */,
			);
			runOnlyForDeploymentPostprocessing = 0;
		};
		50DF64982DE61E7600A265DC /* Frameworks */ = {
			isa = PBXFrameworksBuildPhase;
			buildActionMask = 2147483647;
			files = (
				B1BC057E905587E122A763CA /* Pods_perspectiveTests.framework in Frameworks */,
			);
			runOnlyForDeploymentPostprocessing = 0;
		};
		50DF64A22DE61E7600A265DC /* Frameworks */ = {
			isa = PBXFrameworksBuildPhase;
			buildActionMask = 2147483647;
			files = (
				8CA4891229EE571DD44B4A2E /* Pods_perspective_perspectiveUITests.framework in Frameworks */,
			);
			runOnlyForDeploymentPostprocessing = 0;
		};
/* End PBXFrameworksBuildPhase section */

/* Begin PBXGroup section */
		123C8459B7CB7231DEEB16B5 /* Frameworks */ = {
			isa = PBXGroup;
			children = (
				84C405EC839FBFD7DA24CA86 /* Pods_perspective.framework */,
				374C2E403151770F92B0A53A /* Pods_perspective_perspectiveUITests.framework */,
				D67701F6F5E821994E4D195D /* Pods_perspectiveTests.framework */,
			);
			name = Frameworks;
			sourceTree = "<group>";
		};
		50DF64802DE61E7500A265DC = {
			isa = PBXGroup;
			children = (
				50DF648B2DE61E7500A265DC /* Perspective */,
				BE79D5A922D945F295EE45AA /* Services */,
				71E70F40D753460EB5653E18 /* Views */,
				0C46180934114F628A421DFF /* Models */,
				D1A8D1E184444B59B0A5D17A /* Data */,
				50DF649E2DE61E7600A265DC /* perspectiveTests */,
				50DF64A82DE61E7600A265DC /* perspectiveUITests */,
				50DF648A2DE61E7500A265DC /* Products */,
				D676277A1E968ED80136C449 /* Pods */,
				123C8459B7CB7231DEEB16B5 /* Frameworks */,
			);
			sourceTree = "<group>";
		};
		50DF648A2DE61E7500A265DC /* Products */ = {
			isa = PBXGroup;
			children = (
				50DF64892DE61E7500A265DC /* perspective.app */,
				50DF649B2DE61E7600A265DC /* perspectiveTests.xctest */,
				50DF64A52DE61E7600A265DC /* perspectiveUITests.xctest */,
			);
			name = Products;
			sourceTree = "<group>";
		};
		D676277A1E968ED80136C449 /* Pods */ = {
			isa = PBXGroup;
			children = (
				E7D1848255ADDBFC97F8047F /* Pods-perspective.debug.xcconfig */,
				97F983A83BA155F6C28BE1B1 /* Pods-perspective.release.xcconfig */,
				08A9CFA13A5CA7B2426DC941 /* Pods-perspective-perspectiveUITests.debug.xcconfig */,
				7E6D3989533BEDD630E44CC4 /* Pods-perspective-perspectiveUITests.release.xcconfig */,
				200E95D8652529A1BDD2BFC5 /* Pods-perspectiveTests.debug.xcconfig */,
				29E30A326677748690329C99 /* Pods-perspectiveTests.release.xcconfig */,
			);
			name = Pods;
			path = ../Pods;
			sourceTree = "<group>";
		};
/* End PBXGroup section */

/* Begin PBXNativeTarget section */
		50DF64882DE61E7500A265DC /* perspective */ = {
			isa = PBXNativeTarget;
			buildConfigurationList = 50DF64AF2DE61E7600A265DC /* Build configuration list for PBXNativeTarget "perspective" */;
			buildPhases = (
				8F439694183308E91A2E17CD /* [CP] Check Pods Manifest.lock */,
				50DF64852DE61E7500A265DC /* Sources */,
				50DF64862DE61E7500A265DC /* Frameworks */,
				50DF64872DE61E7500A265DC /* Resources */,
				C379FD09CCB3024DC2F911AF /* [CP] Embed Pods Frameworks */,
			);
			buildRules = (
			);
			dependencies = (
			);
			fileSystemSynchronizedGroups = (
				0C46180934114F628A421DFF /* Models */,
				50DF648B2DE61E7500A265DC /* Perspective */,
				71E70F40D753460EB5653E18 /* Views */,
				BE79D5A922D945F295EE45AA /* Services */,
				D1A8D1E184444B59B0A5D17A /* Data */,
			);
			name = perspective;
			productName = perspective;
			productReference = 50DF64892DE61E7500A265DC /* perspective.app */;
			productType = "com.apple.product-type.application";
		};
		50DF649A2DE61E7600A265DC /* perspectiveTests */ = {
			isa = PBXNativeTarget;
			buildConfigurationList = 50DF64B22DE61E7600A265DC /* Build configuration list for PBXNativeTarget "perspectiveTests" */;
			buildPhases = (
				776F0923A121AB28D140D309 /* [CP] Check Pods Manifest.lock */,
				50DF64972DE61E7600A265DC /* Sources */,
				50DF64982DE61E7600A265DC /* Frameworks */,
				50DF64992DE61E7600A265DC /* Resources */,
			);
			buildRules = (
			);
			dependencies = (
				50DF649D2DE61E7600A265DC /* PBXTargetDependency */,
			);
			fileSystemSynchronizedGroups = (
				50DF649E2DE61E7600A265DC /* perspectiveTests */,
			);
			name = perspectiveTests;
			productName = perspectiveTests;
			productReference = 50DF649B2DE61E7600A265DC /* perspectiveTests.xctest */;
			productType = "com.apple.product-type.bundle.unit-test";
		};
		50DF64A42DE61E7600A265DC /* perspectiveUITests */ = {
			isa = PBXNativeTarget;
			buildConfigurationList = 50DF64B52DE61E7600A265DC /* Build configuration list for PBXNativeTarget "perspectiveUITests" */;
			buildPhases = (
				C7BCE983EAC862D8DD4DED6C /* [CP] Check Pods Manifest.lock */,
				50DF64A12DE61E7600A265DC /* Sources */,
				50DF64A22DE61E7600A265DC /* Frameworks */,
				50DF64A32DE61E7600A265DC /* Resources */,
				06D636B59720B3FEA4695035 /* [CP] Embed Pods Frameworks */,
			);
			buildRules = (
			);
			dependencies = (
				50DF64A72DE61E7600A265DC /* PBXTargetDependency */,
			);
			fileSystemSynchronizedGroups = (
				50DF64A82DE61E7600A265DC /* perspectiveUITests */,
			);
			name = perspectiveUITests;
			productName = perspectiveUITests;
			productReference = 50DF64A52DE61E7600A265DC /* perspectiveUITests.xctest */;
			productType = "com.apple.product-type.bundle.ui-testing";
		};
/* End PBXNativeTarget section */

/* Begin PBXProject section */
		50DF64812DE61E7500A265DC /* Project object */ = {
			isa = PBXProject;
			attributes = {
				BuildIndependentTargetsInParallel = 1;
				LastSwiftUpdateCheck = 1630;
				LastUpgradeCheck = 1640;
				TargetAttributes = {
					50DF64882DE61E7500A265DC = {
						CreatedOnToolsVersion = 16.3;
					};
					50DF649A2DE61E7600A265DC = {
						CreatedOnToolsVersion = 16.3;
						TestTargetID = 50DF64882DE61E7500A265DC;
					};
					50DF64A42DE61E7600A265DC = {
						CreatedOnToolsVersion = 16.3;
						TestTargetID = 50DF64882DE61E7500A265DC;
					};
				};
			};
			buildConfigurationList = 50DF64842DE61E7500A265DC /* Build configuration list for PBXProject "Perspective" */;
			developmentRegion = en;
			hasScannedForEncodings = 0;
			knownRegions = (
				en,
				Base,
			);
			mainGroup = 50DF64802DE61E7500A265DC;
			minimizedProjectReferenceProxies = 1;
			preferredProjectObjectVersion = 77;
			productRefGroup = 50DF648A2DE61E7500A265DC /* Products */;
			projectDirPath = "";
			projectRoot = "";
			targets = (
				50DF64882DE61E7500A265DC /* perspective */,
				50DF649A2DE61E7600A265DC /* perspectiveTests */,
				50DF64A42DE61E7600A265DC /* perspectiveUITests */,
			);
		};
/* End PBXProject section */

/* Begin PBXResourcesBuildPhase section */
		50DF64872DE61E7500A265DC /* Resources */ = {
			isa = PBXResourcesBuildPhase;
			buildActionMask = 2147483647;
			files = (
			);
			runOnlyForDeploymentPostprocessing = 0;
		};
		50DF64992DE61E7600A265DC /* Resources */ = {
			isa = PBXResourcesBuildPhase;
			buildActionMask = 2147483647;
			files = (
			);
			runOnlyForDeploymentPostprocessing = 0;
		};
		50DF64A32DE61E7600A265DC /* Resources */ = {
			isa = PBXResourcesBuildPhase;
			buildActionMask = 2147483647;
			files = (
			);
			runOnlyForDeploymentPostprocessing = 0;
		};
/* End PBXResourcesBuildPhase section */

/* Begin PBXShellScriptBuildPhase section */
		06D636B59720B3FEA4695035 /* [CP] Embed Pods Frameworks */ = {
			isa = PBXShellScriptBuildPhase;
			buildActionMask = 2147483647;
			files = (
			);
			inputFileListPaths = (
				"${PODS_ROOT}/Target Support Files/Pods-perspective-perspectiveUITests/Pods-perspective-perspectiveUITests-frameworks-${CONFIGURATION}-input-files.xcfilelist",
			);
			inputPaths = (
			);
			name = "[CP] Embed Pods Frameworks";
			outputFileListPaths = (
				"${PODS_ROOT}/Target Support Files/Pods-perspective-perspectiveUITests/Pods-perspective-perspectiveUITests-frameworks-${CONFIGURATION}-output-files.xcfilelist",
			);
			outputPaths = (
			);
			runOnlyForDeploymentPostprocessing = 0;
			shellPath = /bin/sh;
			shellScript = "\"${PODS_ROOT}/Target Support Files/Pods-perspective-perspectiveUITests/Pods-perspective-perspectiveUITests-frameworks.sh\"\n";
			showEnvVarsInLog = 0;
		};
		776F0923A121AB28D140D309 /* [CP] Check Pods Manifest.lock */ = {
			isa = PBXShellScriptBuildPhase;
			buildActionMask = 2147483647;
			files = (
			);
			inputFileListPaths = (
			);
			inputPaths = (
				"${PODS_PODFILE_DIR_PATH}/Podfile.lock",
				"${PODS_ROOT}/Manifest.lock",
			);
			name = "[CP] Check Pods Manifest.lock";
			outputFileListPaths = (
			);
			outputPaths = (
				"$(DERIVED_FILE_DIR)/Pods-perspectiveTests-checkManifestLockResult.txt",
			);
			runOnlyForDeploymentPostprocessing = 0;
			shellPath = /bin/sh;
			shellScript = "diff \"${PODS_PODFILE_DIR_PATH}/Podfile.lock\" \"${PODS_ROOT}/Manifest.lock\" > /dev/null\nif [ $? != 0 ] ; then\n    # print error to STDERR\n    echo \"error: The sandbox is not in sync with the Podfile.lock. Run 'pod install' or update your CocoaPods installation.\" >&2\n    exit 1\nfi\n# This output is used by Xcode 'outputs' to avoid re-running this script phase.\necho \"SUCCESS\" > \"${SCRIPT_OUTPUT_FILE_0}\"\n";
			showEnvVarsInLog = 0;
		};
		8F439694183308E91A2E17CD /* [CP] Check Pods Manifest.lock */ = {
			isa = PBXShellScriptBuildPhase;
			buildActionMask = 2147483647;
			files = (
			);
			inputFileListPaths = (
			);
			inputPaths = (
				"${PODS_PODFILE_DIR_PATH}/Podfile.lock",
				"${PODS_ROOT}/Manifest.lock",
			);
			name = "[CP] Check Pods Manifest.lock";
			outputFileListPaths = (
			);
			outputPaths = (
				"$(DERIVED_FILE_DIR)/Pods-perspective-checkManifestLockResult.txt",
			);
			runOnlyForDeploymentPostprocessing = 0;
			shellPath = /bin/sh;
			shellScript = "diff \"${PODS_PODFILE_DIR_PATH}/Podfile.lock\" \"${PODS_ROOT}/Manifest.lock\" > /dev/null\nif [ $? != 0 ] ; then\n    # print error to STDERR\n    echo \"error: The sandbox is not in sync with the Podfile.lock. Run 'pod install' or update your CocoaPods installation.\" >&2\n    exit 1\nfi\n# This output is used by Xcode 'outputs' to avoid re-running this script phase.\necho \"SUCCESS\" > \"${SCRIPT_OUTPUT_FILE_0}\"\n";
			showEnvVarsInLog = 0;
		};
		C379FD09CCB3024DC2F911AF /* [CP] Embed Pods Frameworks */ = {
			isa = PBXShellScriptBuildPhase;
			buildActionMask = 2147483647;
			files = (
			);
			inputFileListPaths = (
				"${PODS_ROOT}/Target Support Files/Pods-perspective/Pods-perspective-frameworks-${CONFIGURATION}-input-files.xcfilelist",
			);
			inputPaths = (
			);
			name = "[CP] Embed Pods Frameworks";
			outputFileListPaths = (
				"${PODS_ROOT}/Target Support Files/Pods-perspective/Pods-perspective-frameworks-${CONFIGURATION}-output-files.xcfilelist",
			);
			outputPaths = (
			);
			runOnlyForDeploymentPostprocessing = 0;
			shellPath = /bin/sh;
			shellScript = "\"${PODS_ROOT}/Target Support Files/Pods-perspective/Pods-perspective-frameworks.sh\"\n";
			showEnvVarsInLog = 0;
		};
		C7BCE983EAC862D8DD4DED6C /* [CP] Check Pods Manifest.lock */ = {
			isa = PBXShellScriptBuildPhase;
			buildActionMask = 2147483647;
			files = (
			);
			inputFileListPaths = (
			);
			inputPaths = (
				"${PODS_PODFILE_DIR_PATH}/Podfile.lock",
				"${PODS_ROOT}/Manifest.lock",
			);
			name = "[CP] Check Pods Manifest.lock";
			outputFileListPaths = (
			);
			outputPaths = (
				"$(DERIVED_FILE_DIR)/Pods-perspective-perspectiveUITests-checkManifestLockResult.txt",
			);
			runOnlyForDeploymentPostprocessing = 0;
			shellPath = /bin/sh;
			shellScript = "diff \"${PODS_PODFILE_DIR_PATH}/Podfile.lock\" \"${PODS_ROOT}/Manifest.lock\" > /dev/null\nif [ $? != 0 ] ; then\n    # print error to STDERR\n    echo \"error: The sandbox is not in sync with the Podfile.lock. Run 'pod install' or update your CocoaPods installation.\" >&2\n    exit 1\nfi\n# This output is used by Xcode 'outputs' to avoid re-running this script phase.\necho \"SUCCESS\" > \"${SCRIPT_OUTPUT_FILE_0}\"\n";
			showEnvVarsInLog = 0;
		};
/* End PBXShellScriptBuildPhase section */

/* Begin PBXSourcesBuildPhase section */
		50DF64852DE61E7500A265DC /* Sources */ = {
			isa = PBXSourcesBuildPhase;
			buildActionMask = 2147483647;
			files = (
			);
			runOnlyForDeploymentPostprocessing = 0;
		};
		50DF64972DE61E7600A265DC /* Sources */ = {
			isa = PBXSourcesBuildPhase;
			buildActionMask = 2147483647;
			files = (
			);
			runOnlyForDeploymentPostprocessing = 0;
		};
		50DF64A12DE61E7600A265DC /* Sources */ = {
			isa = PBXSourcesBuildPhase;
			buildActionMask = 2147483647;
			files = (
			);
			runOnlyForDeploymentPostprocessing = 0;
		};
/* End PBXSourcesBuildPhase section */

/* Begin PBXTargetDependency section */
		50DF649D2DE61E7600A265DC /* PBXTargetDependency */ = {
			isa = PBXTargetDependency;
			target = 50DF64882DE61E7500A265DC /* perspective */;
			targetProxy = 50DF649C2DE61E7600A265DC /* PBXContainerItemProxy */;
		};
		50DF64A72DE61E7600A265DC /* PBXTargetDependency */ = {
			isa = PBXTargetDependency;
			target = 50DF64882DE61E7500A265DC /* perspective */;
			targetProxy = 50DF64A62DE61E7600A265DC /* PBXContainerItemProxy */;
		};
/* End PBXTargetDependency section */

/* Begin XCBuildConfiguration section */
		50DF64AD2DE61E7600A265DC /* Debug */ = {
			isa = XCBuildConfiguration;
			buildSettings = {
				ALWAYS_SEARCH_USER_PATHS = NO;
				ASSETCATALOG_COMPILER_GENERATE_SWIFT_ASSET_SYMBOL_EXTENSIONS = YES;
				CLANG_ANALYZER_NONNULL = YES;
				CLANG_ANALYZER_NUMBER_OBJECT_CONVERSION = YES_AGGRESSIVE;
				CLANG_CXX_LANGUAGE_STANDARD = "gnu++20";
				CLANG_ENABLE_MODULES = YES;
				CLANG_ENABLE_OBJC_ARC = YES;
				CLANG_ENABLE_OBJC_WEAK = YES;
				CLANG_WARN_BLOCK_CAPTURE_AUTORELEASING = YES;
				CLANG_WARN_BOOL_CONVERSION = YES;
				CLANG_WARN_COMMA = YES;
				CLANG_WARN_CONSTANT_CONVERSION = YES;
				CLANG_WARN_DEPRECATED_OBJC_IMPLEMENTATIONS = YES;
				CLANG_WARN_DIRECT_OBJC_ISA_USAGE = YES_ERROR;
				CLANG_WARN_DOCUMENTATION_COMMENTS = YES;
				CLANG_WARN_EMPTY_BODY = YES;
				CLANG_WARN_ENUM_CONVERSION = YES;
				CLANG_WARN_INFINITE_RECURSION = YES;
				CLANG_WARN_INT_CONVERSION = YES;
				CLANG_WARN_NON_LITERAL_NULL_CONVERSION = YES;
				CLANG_WARN_OBJC_IMPLICIT_RETAIN_SELF = YES;
				CLANG_WARN_OBJC_LITERAL_CONVERSION = YES;
				CLANG_WARN_OBJC_ROOT_CLASS = YES_ERROR;
				CLANG_WARN_QUOTED_INCLUDE_IN_FRAMEWORK_HEADER = YES;
				CLANG_WARN_RANGE_LOOP_ANALYSIS = YES;
				CLANG_WARN_STRICT_PROTOTYPES = YES;
				CLANG_WARN_SUSPICIOUS_MOVE = YES;
				CLANG_WARN_UNGUARDED_AVAILABILITY = YES_AGGRESSIVE;
				CLANG_WARN_UNREACHABLE_CODE = YES;
				CLANG_WARN__DUPLICATE_METHOD_MATCH = YES;
				COPY_PHASE_STRIP = NO;
				DEBUG_INFORMATION_FORMAT = dwarf;
				DEVELOPMENT_TEAM = 9T3W7Q6YB9;
				ENABLE_STRICT_OBJC_MSGSEND = YES;
				ENABLE_TESTABILITY = YES;
				ENABLE_USER_SCRIPT_SANDBOXING = YES;
				GCC_C_LANGUAGE_STANDARD = gnu17;
				GCC_DYNAMIC_NO_PIC = NO;
				GCC_NO_COMMON_BLOCKS = YES;
				GCC_OPTIMIZATION_LEVEL = 0;
				GCC_PREPROCESSOR_DEFINITIONS = (
					"DEBUG=1",
					"$(inherited)",
				);
				GCC_WARN_64_TO_32_BIT_CONVERSION = YES;
				GCC_WARN_ABOUT_RETURN_TYPE = YES_ERROR;
				GCC_WARN_UNDECLARED_SELECTOR = YES;
				GCC_WARN_UNINITIALIZED_AUTOS = YES_AGGRESSIVE;
				GCC_WARN_UNUSED_FUNCTION = YES;
				GCC_WARN_UNUSED_VARIABLE = YES;
				IPHONEOS_DEPLOYMENT_TARGET = 16.0;
				LOCALIZATION_PREFERS_STRING_CATALOGS = YES;
				MTL_ENABLE_DEBUG_INFO = INCLUDE_SOURCE;
				MTL_FAST_MATH = YES;
				ONLY_ACTIVE_ARCH = YES;
				SDKROOT = iphoneos;
				SWIFT_ACTIVE_COMPILATION_CONDITIONS = "DEBUG $(inherited)";
				SWIFT_OPTIMIZATION_LEVEL = "-Onone";
			};
			name = Debug;
		};
		50DF64AE2DE61E7600A265DC /* Release */ = {
			isa = XCBuildConfiguration;
			buildSettings = {
				ALWAYS_SEARCH_USER_PATHS = NO;
				ASSETCATALOG_COMPILER_GENERATE_SWIFT_ASSET_SYMBOL_EXTENSIONS = YES;
				CLANG_ANALYZER_NONNULL = YES;
				CLANG_ANALYZER_NUMBER_OBJECT_CONVERSION = YES_AGGRESSIVE;
				CLANG_CXX_LANGUAGE_STANDARD = "gnu++20";
				CLANG_ENABLE_MODULES = YES;
				CLANG_ENABLE_OBJC_ARC = YES;
				CLANG_ENABLE_OBJC_WEAK = YES;
				CLANG_WARN_BLOCK_CAPTURE_AUTORELEASING = YES;
				CLANG_WARN_BOOL_CONVERSION = YES;
				CLANG_WARN_COMMA = YES;
				CLANG_WARN_CONSTANT_CONVERSION = YES;
				CLANG_WARN_DEPRECATED_OBJC_IMPLEMENTATIONS = YES;
				CLANG_WARN_DIRECT_OBJC_ISA_USAGE = YES_ERROR;
				CLANG_WARN_DOCUMENTATION_COMMENTS = YES;
				CLANG_WARN_EMPTY_BODY = YES;
				CLANG_WARN_ENUM_CONVERSION = YES;
				CLANG_WARN_INFINITE_RECURSION = YES;
				CLANG_WARN_INT_CONVERSION = YES;
				CLANG_WARN_NON_LITERAL_NULL_CONVERSION = YES;
				CLANG_WARN_OBJC_IMPLICIT_RETAIN_SELF = YES;
				CLANG_WARN_OBJC_LITERAL_CONVERSION = YES;
				CLANG_WARN_OBJC_ROOT_CLASS = YES_ERROR;
				CLANG_WARN_QUOTED_INCLUDE_IN_FRAMEWORK_HEADER = YES;
				CLANG_WARN_RANGE_LOOP_ANALYSIS = YES;
				CLANG_WARN_STRICT_PROTOTYPES = YES;
				CLANG_WARN_SUSPICIOUS_MOVE = YES;
				CLANG_WARN_UNGUARDED_AVAILABILITY = YES_AGGRESSIVE;
				CLANG_WARN_UNREACHABLE_CODE = YES;
				CLANG_WARN__DUPLICATE_METHOD_MATCH = YES;
				COPY_PHASE_STRIP = NO;
				DEBUG_INFORMATION_FORMAT = "dwarf-with-dsym";
				DEVELOPMENT_TEAM = 9T3W7Q6YB9;
				ENABLE_NS_ASSERTIONS = NO;
				ENABLE_STRICT_OBJC_MSGSEND = YES;
				ENABLE_USER_SCRIPT_SANDBOXING = YES;
				GCC_C_LANGUAGE_STANDARD = gnu17;
				GCC_NO_COMMON_BLOCKS = YES;
				GCC_WARN_64_TO_32_BIT_CONVERSION = YES;
				GCC_WARN_ABOUT_RETURN_TYPE = YES_ERROR;
				GCC_WARN_UNDECLARED_SELECTOR = YES;
				GCC_WARN_UNINITIALIZED_AUTOS = YES_AGGRESSIVE;
				GCC_WARN_UNUSED_FUNCTION = YES;
				GCC_WARN_UNUSED_VARIABLE = YES;
				IPHONEOS_DEPLOYMENT_TARGET = 16.0;
				LOCALIZATION_PREFERS_STRING_CATALOGS = YES;
				MTL_ENABLE_DEBUG_INFO = NO;
				MTL_FAST_MATH = YES;
				SDKROOT = iphoneos;
				SWIFT_COMPILATION_MODE = wholemodule;
				VALIDATE_PRODUCT = YES;
			};
			name = Release;
		};
		50DF64B02DE61E7600A265DC /* Debug */ = {
			isa = XCBuildConfiguration;
			baseConfigurationReference = E7D1848255ADDBFC97F8047F /* Pods-perspective.debug.xcconfig */;
			buildSettings = {
				ASSETCATALOG_COMPILER_APPICON_NAME = AppIcon;
				ASSETCATALOG_COMPILER_GLOBAL_ACCENT_COLOR_NAME = AccentColor;
				CODE_SIGN_STYLE = Automatic;
				CURRENT_PROJECT_VERSION = 1;
				DEVELOPMENT_TEAM = 9T3W7Q6YB9;
				ENABLE_PREVIEWS = YES;
				ENABLE_USER_SCRIPT_SANDBOXING = NO;
				GENERATE_INFOPLIST_FILE = YES;
				INFOPLIST_KEY_UIApplicationSceneManifest_Generation = YES;
				INFOPLIST_KEY_UIApplicationSupportsIndirectInputEvents = YES;
				INFOPLIST_KEY_UILaunchScreen_Generation = YES;
				INFOPLIST_KEY_UISupportedInterfaceOrientations_iPad = "UIInterfaceOrientationPortrait UIInterfaceOrientationPortraitUpsideDown UIInterfaceOrientationLandscapeLeft UIInterfaceOrientationLandscapeRight";
				INFOPLIST_KEY_UISupportedInterfaceOrientations_iPhone = "UIInterfaceOrientationPortrait UIInterfaceOrientationLandscapeLeft UIInterfaceOrientationLandscapeRight";
				LD_RUNPATH_SEARCH_PATHS = (
					"$(inherited)",
					"@executable_path/Frameworks",
				);
				MARKETING_VERSION = 1.0;
				PRODUCT_BUNDLE_IDENTIFIER = com.perspective.app;
				PRODUCT_NAME = "$(TARGET_NAME)";
				SWIFT_EMIT_LOC_STRINGS = YES;
				SWIFT_VERSION = 5.0;
				TARGETED_DEVICE_FAMILY = "1,2";
			};
			name = Debug;
		};
		50DF64B12DE61E7600A265DC /* Release */ = {
			isa = XCBuildConfiguration;
			baseConfigurationReference = 97F983A83BA155F6C28BE1B1 /* Pods-perspective.release.xcconfig */;
			buildSettings = {
				ASSETCATALOG_COMPILER_APPICON_NAME = AppIcon;
				ASSETCATALOG_COMPILER_GLOBAL_ACCENT_COLOR_NAME = AccentColor;
				CODE_SIGN_STYLE = Automatic;
				CURRENT_PROJECT_VERSION = 1;
				DEVELOPMENT_TEAM = 9T3W7Q6YB9;
				ENABLE_PREVIEWS = YES;
				ENABLE_USER_SCRIPT_SANDBOXING = NO;
				GENERATE_INFOPLIST_FILE = YES;
				INFOPLIST_KEY_UIApplicationSceneManifest_Generation = YES;
				INFOPLIST_KEY_UIApplicationSupportsIndirectInputEvents = YES;
				INFOPLIST_KEY_UILaunchScreen_Generation = YES;
				INFOPLIST_KEY_UISupportedInterfaceOrientations_iPad = "UIInterfaceOrientationPortrait UIInterfaceOrientationPortraitUpsideDown UIInterfaceOrientationLandscapeLeft UIInterfaceOrientationLandscapeRight";
				INFOPLIST_KEY_UISupportedInterfaceOrientations_iPhone = "UIInterfaceOrientationPortrait UIInterfaceOrientationLandscapeLeft UIInterfaceOrientationLandscapeRight";
				LD_RUNPATH_SEARCH_PATHS = (
					"$(inherited)",
					"@executable_path/Frameworks",
				);
				MARKETING_VERSION = 1.0;
				PRODUCT_BUNDLE_IDENTIFIER = com.perspective.app;
				PRODUCT_NAME = "$(TARGET_NAME)";
				SWIFT_EMIT_LOC_STRINGS = YES;
				SWIFT_VERSION = 5.0;
				TARGETED_DEVICE_FAMILY = "1,2";
			};
			name = Release;
		};
		50DF64B32DE61E7600A265DC /* Debug */ = {
			isa = XCBuildConfiguration;
			baseConfigurationReference = 200E95D8652529A1BDD2BFC5 /* Pods-perspectiveTests.debug.xcconfig */;
			buildSettings = {
				BUNDLE_LOADER = "$(TEST_HOST)";
				CODE_SIGN_STYLE = Automatic;
				CURRENT_PROJECT_VERSION = 1;
				DEVELOPMENT_TEAM = 9T3W7Q6YB9;
				GENERATE_INFOPLIST_FILE = YES;
				IPHONEOS_DEPLOYMENT_TARGET = 16.0;
				MARKETING_VERSION = 1.0;
				PRODUCT_BUNDLE_IDENTIFIER = com.perspective.app.tests;
				PRODUCT_NAME = "$(TARGET_NAME)";
				SWIFT_EMIT_LOC_STRINGS = NO;
				SWIFT_VERSION = 5.0;
				TARGETED_DEVICE_FAMILY = "1,2";
				TEST_HOST = "$(BUILT_PRODUCTS_DIR)/perspective.app/$(BUNDLE_EXECUTABLE_FOLDER_PATH)/perspective";
			};
			name = Debug;
		};
		50DF64B42DE61E7600A265DC /* Release */ = {
			isa = XCBuildConfiguration;
			baseConfigurationReference = 29E30A326677748690329C99 /* Pods-perspectiveTests.release.xcconfig */;
			buildSettings = {
				BUNDLE_LOADER = "$(TEST_HOST)";
				CODE_SIGN_STYLE = Automatic;
				CURRENT_PROJECT_VERSION = 1;
				DEVELOPMENT_TEAM = 9T3W7Q6YB9;
				GENERATE_INFOPLIST_FILE = YES;
				IPHONEOS_DEPLOYMENT_TARGET = 16.0;
				MARKETING_VERSION = 1.0;
				PRODUCT_BUNDLE_IDENTIFIER = com.perspective.app.tests;
				PRODUCT_NAME = "$(TARGET_NAME)";
				SWIFT_EMIT_LOC_STRINGS = NO;
				SWIFT_VERSION = 5.0;
				TARGETED_DEVICE_FAMILY = "1,2";
				TEST_HOST = "$(BUILT_PRODUCTS_DIR)/perspective.app/$(BUNDLE_EXECUTABLE_FOLDER_PATH)/perspective";
			};
			name = Release;
		};
		50DF64B62DE61E7600A265DC /* Debug */ = {
			isa = XCBuildConfiguration;
			baseConfigurationReference = 08A9CFA13A5CA7B2426DC941 /* Pods-perspective-perspectiveUITests.debug.xcconfig */;
			buildSettings = {
				CODE_SIGN_STYLE = Automatic;
				CURRENT_PROJECT_VERSION = 1;
				DEVELOPMENT_TEAM = 9T3W7Q6YB9;
				GENERATE_INFOPLIST_FILE = YES;
				MARKETING_VERSION = 1.0;
				PRODUCT_BUNDLE_IDENTIFIER = com.perspective.app.uitests;
				PRODUCT_NAME = "$(TARGET_NAME)";
				SWIFT_EMIT_LOC_STRINGS = NO;
				SWIFT_VERSION = 5.0;
				TARGETED_DEVICE_FAMILY = "1,2";
				TEST_TARGET_NAME = perspective;
			};
			name = Debug;
		};
		50DF64B72DE61E7600A265DC /* Release */ = {
			isa = XCBuildConfiguration;
			baseConfigurationReference = 7E6D3989533BEDD630E44CC4 /* Pods-perspective-perspectiveUITests.release.xcconfig */;
			buildSettings = {
				CODE_SIGN_STYLE = Automatic;
				CURRENT_PROJECT_VERSION = 1;
				DEVELOPMENT_TEAM = 9T3W7Q6YB9;
				GENERATE_INFOPLIST_FILE = YES;
				MARKETING_VERSION = 1.0;
				PRODUCT_BUNDLE_IDENTIFIER = com.perspective.app.uitests;
				PRODUCT_NAME = "$(TARGET_NAME)";
				SWIFT_EMIT_LOC_STRINGS = NO;
				SWIFT_VERSION = 5.0;
				TARGETED_DEVICE_FAMILY = "1,2";
				TEST_TARGET_NAME = perspective;
			};
			name = Release;
		};
/* End XCBuildConfiguration section */

/* Begin XCConfigurationList section */
		50DF64842DE61E7500A265DC /* Build configuration list for PBXProject "Perspective" */ = {
			isa = XCConfigurationList;
			buildConfigurations = (
				50DF64AD2DE61E7600A265DC /* Debug */,
				50DF64AE2DE61E7600A265DC /* Release */,
			);
			defaultConfigurationIsVisible = 0;
			defaultConfigurationName = Release;
		};
		50DF64AF2DE61E7600A265DC /* Build configuration list for PBXNativeTarget "perspective" */ = {
			isa = XCConfigurationList;
			buildConfigurations = (
				50DF64B02DE61E7600A265DC /* Debug */,
				50DF64B12DE61E7600A265DC /* Release */,
			);
			defaultConfigurationIsVisible = 0;
			defaultConfigurationName = Release;
		};
		50DF64B22DE61E7600A265DC /* Build configuration list for PBXNativeTarget "perspectiveTests" */ = {
			isa = XCConfigurationList;
			buildConfigurations = (
				50DF64B32DE61E7600A265DC /* Debug */,
				50DF64B42DE61E7600A265DC /* Release */,
			);
			defaultConfigurationIsVisible = 0;
			defaultConfigurationName = Release;
		};
		50DF64B52DE61E7600A265DC /* Build configuration list for PBXNativeTarget "perspectiveUITests" */ = {
			isa = XCConfigurationList;
			buildConfigurations = (
				50DF64B62DE61E7600A265DC /* Debug */,
				50DF64B72DE61E7600A265DC /* Release */,
			);
			defaultConfigurationIsVisible = 0;
			defaultConfigurationName = Release;
		};
/* End XCConfigurationList section */
	};
	rootObject = 50DF64812DE61E7500A265DC /* Project object */;
}
